// !$*UTF8*$!
{
	archiveVersion = 1;
	classes = {
	};
	objectVersion = 48;
	objects = {

/* Begin PBXBuildFile section */
		978DABF120136BD6002AC83C /* realloc.c in Sources */ = {isa = PBXBuildFile; fileRef = 978DABEC20136BD5002AC83C /* realloc.c */; };
		978DABF220136BD6002AC83C /* main.c in Sources */ = {isa = PBXBuildFile; fileRef = 978DABED20136BD5002AC83C /* main.c */; };
		978DABF320136BD6002AC83C /* free.c in Sources */ = {isa = PBXBuildFile; fileRef = 978DABEE20136BD5002AC83C /* free.c */; };
		978DABF420136BD6002AC83C /* malloc.c in Sources */ = {isa = PBXBuildFile; fileRef = 978DABEF20136BD5002AC83C /* malloc.c */; };
		978DABF520136BD6002AC83C /* show_alloc_mem.c in Sources */ = {isa = PBXBuildFile; fileRef = 978DABF020136BD6002AC83C /* show_alloc_mem.c */; };
		978DABF820138AF5002AC83C /* globals.c in Sources */ = {isa = PBXBuildFile; fileRef = 978DABF720138AF5002AC83C /* globals.c */; };
/* End PBXBuildFile section */

/* Begin PBXCopyFilesBuildPhase section */
		978DABDE20136AFE002AC83C /* CopyFiles */ = {
			isa = PBXCopyFilesBuildPhase;
			buildActionMask = 2147483647;
			dstPath = /usr/share/man/man1/;
			dstSubfolderSpec = 0;
			files = (
			);
			runOnlyForDeploymentPostprocessing = 1;
		};
/* End PBXCopyFilesBuildPhase section */

/* Begin PBXFileReference section */
		978DABE020136AFE002AC83C /* malloc */ = {isa = PBXFileReference; explicitFileType = "compiled.mach-o.executable"; includeInIndex = 0; path = malloc; sourceTree = BUILT_PRODUCTS_DIR; };
		978DABEC20136BD5002AC83C /* realloc.c */ = {isa = PBXFileReference; fileEncoding = 4; lastKnownFileType = sourcecode.c.c; path = realloc.c; sourceTree = "<group>"; };
		978DABED20136BD5002AC83C /* main.c */ = {isa = PBXFileReference; fileEncoding = 4; lastKnownFileType = sourcecode.c.c; path = main.c; sourceTree = "<group>"; };
		978DABEE20136BD5002AC83C /* free.c */ = {isa = PBXFileReference; fileEncoding = 4; lastKnownFileType = sourcecode.c.c; path = free.c; sourceTree = "<group>"; };
		978DABEF20136BD5002AC83C /* malloc.c */ = {isa = PBXFileReference; fileEncoding = 4; lastKnownFileType = sourcecode.c.c; path = malloc.c; sourceTree = "<group>"; };
		978DABF020136BD6002AC83C /* show_alloc_mem.c */ = {isa = PBXFileReference; fileEncoding = 4; lastKnownFileType = sourcecode.c.c; path = show_alloc_mem.c; sourceTree = "<group>"; };
		978DABF6201384DE002AC83C /* malloc.h */ = {isa = PBXFileReference; fileEncoding = 4; lastKnownFileType = sourcecode.c.h; path = malloc.h; sourceTree = "<group>"; };
		978DABF720138AF5002AC83C /* globals.c */ = {isa = PBXFileReference; fileEncoding = 4; lastKnownFileType = sourcecode.c.c; path = globals.c; sourceTree = "<group>"; };
/* End PBXFileReference section */

/* Begin PBXFrameworksBuildPhase section */
		978DABDD20136AFE002AC83C /* Frameworks */ = {
			isa = PBXFrameworksBuildPhase;
			buildActionMask = 2147483647;
			files = (
			);
			runOnlyForDeploymentPostprocessing = 0;
		};
/* End PBXFrameworksBuildPhase section */

/* Begin PBXGroup section */
		978DABD720136AFE002AC83C = {
			isa = PBXGroup;
			children = (
				978DABF6201384DE002AC83C /* malloc.h */,
				978DABEB20136BD5002AC83C /* src */,
				978DABE120136AFE002AC83C /* Products */,
			);
			sourceTree = "<group>";
		};
		978DABE120136AFE002AC83C /* Products */ = {
			isa = PBXGroup;
			children = (
				978DABE020136AFE002AC83C /* malloc */,
			);
			name = Products;
			sourceTree = "<group>";
		};
		978DABEB20136BD5002AC83C /* src */ = {
			isa = PBXGroup;
			children = (
				978DABF720138AF5002AC83C /* globals.c */,
				978DABEC20136BD5002AC83C /* realloc.c */,
				978DABED20136BD5002AC83C /* main.c */,
				978DABEE20136BD5002AC83C /* free.c */,
				978DABEF20136BD5002AC83C /* malloc.c */,
				978DABF020136BD6002AC83C /* show_alloc_mem.c */,
			);
			path = src;
			sourceTree = "<group>";
		};
/* End PBXGroup section */

/* Begin PBXNativeTarget section */
		978DABDF20136AFE002AC83C /* malloc */ = {
			isa = PBXNativeTarget;
			buildConfigurationList = 978DABE720136AFE002AC83C /* Build configuration list for PBXNativeTarget "malloc" */;
			buildPhases = (
				978DABDC20136AFE002AC83C /* Sources */,
				978DABDD20136AFE002AC83C /* Frameworks */,
				978DABDE20136AFE002AC83C /* CopyFiles */,
			);
			buildRules = (
			);
			dependencies = (
			);
			name = malloc;
			productName = malloc;
			productReference = 978DABE020136AFE002AC83C /* malloc */;
			productType = "com.apple.product-type.tool";
		};
/* End PBXNativeTarget section */

/* Begin PBXProject section */
		978DABD820136AFE002AC83C /* Project object */ = {
			isa = PBXProject;
			attributes = {
				LastUpgradeCheck = 0920;
				ORGANIZATIONNAME = pet;
				TargetAttributes = {
					978DABDF20136AFE002AC83C = {
						CreatedOnToolsVersion = 9.2;
						ProvisioningStyle = Automatic;
					};
				};
			};
			buildConfigurationList = 978DABDB20136AFE002AC83C /* Build configuration list for PBXProject "malloc" */;
			compatibilityVersion = "Xcode 8.0";
			developmentRegion = en;
			hasScannedForEncodings = 0;
			knownRegions = (
				en,
			);
			mainGroup = 978DABD720136AFE002AC83C;
			productRefGroup = 978DABE120136AFE002AC83C /* Products */;
			projectDirPath = "";
			projectRoot = "";
			targets = (
				978DABDF20136AFE002AC83C /* malloc */,
			);
		};
/* End PBXProject section */

/* Begin PBXSourcesBuildPhase section */
		978DABDC20136AFE002AC83C /* Sources */ = {
			isa = PBXSourcesBuildPhase;
			buildActionMask = 2147483647;
			files = (
				978DABF820138AF5002AC83C /* globals.c in Sources */,
				978DABF120136BD6002AC83C /* realloc.c in Sources */,
				978DABF320136BD6002AC83C /* free.c in Sources */,
				978DABF520136BD6002AC83C /* show_alloc_mem.c in Sources */,
				978DABF420136BD6002AC83C /* malloc.c in Sources */,
				978DABF220136BD6002AC83C /* main.c in Sources */,
			);
			runOnlyForDeploymentPostprocessing = 0;
		};
/* End PBXSourcesBuildPhase section */

/* Begin XCBuildConfiguration section */
		978DABE520136AFE002AC83C /* Debug */ = {
			isa = XCBuildConfiguration;
			buildSettings = {
				ALWAYS_SEARCH_USER_PATHS = NO;
				CLANG_ANALYZER_NONNULL = YES;
				CLANG_ANALYZER_NUMBER_OBJECT_CONVERSION = YES_AGGRESSIVE;
				CLANG_CXX_LANGUAGE_STANDARD = "gnu++14";
				CLANG_CXX_LIBRARY = "libc++";
				CLANG_ENABLE_MODULES = YES;
				CLANG_ENABLE_OBJC_ARC = YES;
				CLANG_WARN_BLOCK_CAPTURE_AUTORELEASING = YES;
				CLANG_WARN_BOOL_CONVERSION = YES;
				CLANG_WARN_COMMA = YES;
				CLANG_WARN_CONSTANT_CONVERSION = YES;
				CLANG_WARN_DIRECT_OBJC_ISA_USAGE = YES_ERROR;
				CLANG_WARN_DOCUMENTATION_COMMENTS = YES;
				CLANG_WARN_EMPTY_BODY = YES;
				CLANG_WARN_ENUM_CONVERSION = YES;
				CLANG_WARN_INFINITE_RECURSION = YES;
				CLANG_WARN_INT_CONVERSION = YES;
				CLANG_WARN_NON_LITERAL_NULL_CONVERSION = YES;
				CLANG_WARN_OBJC_LITERAL_CONVERSION = YES;
				CLANG_WARN_OBJC_ROOT_CLASS = YES_ERROR;
				CLANG_WARN_RANGE_LOOP_ANALYSIS = YES;
				CLANG_WARN_STRICT_PROTOTYPES = YES;
				CLANG_WARN_SUSPICIOUS_MOVE = YES;
				CLANG_WARN_UNGUARDED_AVAILABILITY = YES_AGGRESSIVE;
				CLANG_WARN_UNREACHABLE_CODE = YES;
				CLANG_WARN__DUPLICATE_METHOD_MATCH = YES;
				CODE_SIGN_IDENTITY = "Mac Developer";
				COPY_PHASE_STRIP = NO;
				DEBUG_INFORMATION_FORMAT = dwarf;
				ENABLE_STRICT_OBJC_MSGSEND = YES;
				ENABLE_TESTABILITY = YES;
				GCC_C_LANGUAGE_STANDARD = gnu11;
				GCC_DYNAMIC_NO_PIC = NO;
				GCC_NO_COMMON_BLOCKS = YES;
				GCC_OPTIMIZATION_LEVEL = 0;
				GCC_PREPROCESSOR_DEFINITIONS = (
					"DEBUG=1",
					"$(inherited)",
				);
				GCC_WARN_64_TO_32_BIT_CONVERSION = YES;
				GCC_WARN_ABOUT_RETURN_TYPE = YES_ERROR;
				GCC_WARN_UNDECLARED_SELECTOR = YES;
				GCC_WARN_UNINITIALIZED_AUTOS = YES_AGGRESSIVE;
				GCC_WARN_UNUSED_FUNCTION = YES;
				GCC_WARN_UNUSED_VARIABLE = YES;
				MACOSX_DEPLOYMENT_TARGET = 10.13;
				MTL_ENABLE_DEBUG_INFO = YES;
				ONLY_ACTIVE_ARCH = YES;
				SDKROOT = macosx;
			};
			name = Debug;
		};
		978DABE620136AFE002AC83C /* Release */ = {
			isa = XCBuildConfiguration;
			buildSettings = {
				ALWAYS_SEARCH_USER_PATHS = NO;
				CLANG_ANALYZER_NONNULL = YES;
				CLANG_ANALYZER_NUMBER_OBJECT_CONVERSION = YES_AGGRESSIVE;
				CLANG_CXX_LANGUAGE_STANDARD = "gnu++14";
				CLANG_CXX_LIBRARY = "libc++";
				CLANG_ENABLE_MODULES = YES;
				CLANG_ENABLE_OBJC_ARC = YES;
				CLANG_WARN_BLOCK_CAPTURE_AUTORELEASING = YES;
				CLANG_WARN_BOOL_CONVERSION = YES;
				CLANG_WARN_COMMA = YES;
				CLANG_WARN_CONSTANT_CONVERSION = YES;
				CLANG_WARN_DIRECT_OBJC_ISA_USAGE = YES_ERROR;
				CLANG_WARN_DOCUMENTATION_COMMENTS = YES;
				CLANG_WARN_EMPTY_BODY = YES;
				CLANG_WARN_ENUM_CONVERSION = YES;
				CLANG_WARN_INFINITE_RECURSION = YES;
				CLANG_WARN_INT_CONVERSION = YES;
				CLANG_WARN_NON_LITERAL_NULL_CONVERSION = YES;
				CLANG_WARN_OBJC_LITERAL_CONVERSION = YES;
				CLANG_WARN_OBJC_ROOT_CLASS = YES_ERROR;
				CLANG_WARN_RANGE_LOOP_ANALYSIS = YES;
				CLANG_WARN_STRICT_PROTOTYPES = YES;
				CLANG_WARN_SUSPICIOUS_MOVE = YES;
				CLANG_WARN_UNGUARDED_AVAILABILITY = YES_AGGRESSIVE;
				CLANG_WARN_UNREACHABLE_CODE = YES;
				CLANG_WARN__DUPLICATE_METHOD_MATCH = YES;
				CODE_SIGN_IDENTITY = "Mac Developer";
				COPY_PHASE_STRIP = NO;
				DEBUG_INFORMATION_FORMAT = "dwarf-with-dsym";
				ENABLE_NS_ASSERTIONS = NO;
				ENABLE_STRICT_OBJC_MSGSEND = YES;
				GCC_C_LANGUAGE_STANDARD = gnu11;
				GCC_NO_COMMON_BLOCKS = YES;
				GCC_WARN_64_TO_32_BIT_CONVERSION = YES;
				GCC_WARN_ABOUT_RETURN_TYPE = YES_ERROR;
				GCC_WARN_UNDECLARED_SELECTOR = YES;
				GCC_WARN_UNINITIALIZED_AUTOS = YES_AGGRESSIVE;
				GCC_WARN_UNUSED_FUNCTION = YES;
				GCC_WARN_UNUSED_VARIABLE = YES;
				MACOSX_DEPLOYMENT_TARGET = 10.13;
				MTL_ENABLE_DEBUG_INFO = NO;
				SDKROOT = macosx;
			};
			name = Release;
		};
		978DABE820136AFE002AC83C /* Debug */ = {
			isa = XCBuildConfiguration;
			buildSettings = {
				CODE_SIGN_STYLE = Automatic;
				DEVELOPMENT_TEAM = HKJ88XEM2N;
				PRODUCT_NAME = "$(TARGET_NAME)";
			};
			name = Debug;
		};
		978DABE920136AFE002AC83C /* Release */ = {
			isa = XCBuildConfiguration;
			buildSettings = {
				CODE_SIGN_STYLE = Automatic;
				DEVELOPMENT_TEAM = HKJ88XEM2N;
				PRODUCT_NAME = "$(TARGET_NAME)";
			};
			name = Release;
		};
/* End XCBuildConfiguration section */

/* Begin XCConfigurationList section */
		978DABDB20136AFE002AC83C /* Build configuration list for PBXProject "malloc" */ = {
			isa = XCConfigurationList;
			buildConfigurations = (
				978DABE520136AFE002AC83C /* Debug */,
				978DABE620136AFE002AC83C /* Release */,
			);
			defaultConfigurationIsVisible = 0;
			defaultConfigurationName = Release;
		};
		978DABE720136AFE002AC83C /* Build configuration list for PBXNativeTarget "malloc" */ = {
			isa = XCConfigurationList;
			buildConfigurations = (
				978DABE820136AFE002AC83C /* Debug */,
				978DABE920136AFE002AC83C /* Release */,
			);
			defaultConfigurationIsVisible = 0;
			defaultConfigurationName = Release;
		};
/* End XCConfigurationList section */
	};
	rootObject = 978DABD820136AFE002AC83C /* Project object */;
}
